# THIS IS AN AUTOGENERATED FILE. DO NOT EDIT THIS FILE DIRECTLY.
# yarn lockfile v1


react-table@^7.6.3:
  version "7.6.3"
  resolved "https://registry.yarnpkg.com/react-table/-/react-table-7.6.3.tgz#76434392b3f62344bdb704f5b227c2f29c1ffb14"
  integrity sha512-hfPF13zDLxPMpLKzIKCE8RZud9T/XrRTsaCIf8zXpWZIZ2juCl7qrGpo3AQw9eAetXV5DP7s2GDm+hht7qq5Dw==
